github.com/cbroglie/mustache v1.0.1 h1:ivMg8MguXq/rrz2eu3tw6g3b16+PQhoTn6EZAhst2mw=
github.com/cbroglie/mustache v1.0.1/go.mod h1:R/RUa+SobQ14qkP4jtx5Vke5sDytONDQXNLPY/PO69g=
github.com/google/go-cmp v0.3.1 h1:Xye71clBPdm5HgqGwUkwhbynsUJZhDbS20FvLhQ2izg=
github.com/google/go-cmp v0.3.1/go.mod h1:8QqcDgzrUqlUb/G2PQTWiueGozuR1884gddMywk6iLU=
